
Microsoft Visual Studio Solution File, Format Version 12.00
# Visual Studio Version 16
VisualStudioVersion = 16.0.30804.86
MinimumVisualStudioVersion = 10.0.40219.1
Project("{FAE04EC0-301F-11D3-BF4B-00C04F79EFBC}") = "Lesson_1", "Lesson_1\Lesson_1.csproj", "{E0F90353-D444-45B7-BD5F-9800512BB8DC}"
EndProject
Global
	GlobalSection(SolutionConfigurationPlatforms) = preSolution
		Debug|Any CPU = Debug|Any CPU
		Release|Any CPU = Release|Any CPU
	EndGlobalSection
	GlobalSection(ProjectConfigurationPlatforms) = postSolution
		{E0F90353-D444-45B7-BD5F-9800512BB8DC}.Debug|Any CPU.ActiveCfg = Debug|Any CPU
		{E0F90353-D444-45B7-BD5F-9800512BB8DC}.Debug|Any CPU.Build.0 = Debug|Any CPU
		{E0F90353-D444-45B7-BD5F-9800512BB8DC}.Release|Any CPU.ActiveCfg = Release|Any CPU
		{E0F90353-D444-45B7-BD5F-9800512BB8DC}.Release|Any CPU.Build.0 = Release|Any CPU
	EndGlobalSection
	GlobalSection(SolutionProperties) = preSolution
		HideSolutionNode = FALSE
	EndGlobalSection
	GlobalSection(ExtensibilityGlobals) = postSolution
		SolutionGuid = {9BDAD904-6279-4D52-BD88-0AD1A5A18AE6}
	EndGlobalSection
EndGlobal
